<?xml version="1.0" encoding="UTF-8" standalone="yes" ?>
<CodeBlocks_project_file>
	<FileVersion major="1" minor="6" />
	<Project>
		<Option title="V4.2.1" />
		<Option pch_mode="2" />
		<Option compiler="gcc" />
		<Build>
			<Target title="Debug">
				<Option output="bin/Debug/V4.2" prefix_auto="1" extension_auto="1" />
				<Option object_output="obj/Debug/" />
				<Option type="1" />
				<Option compiler="gcc" />
				<Compiler>
					<Add option="-g" />
				</Compiler>
			</Target>
			<Target title="Release">
				<Option output="bin/Release/V4.2" prefix_auto="1" extension_auto="1" />
				<Option object_output="obj/Release/" />
				<Option type="1" />
				<Option compiler="gcc" />
				<Compiler>
					<Add option="-O2" />
				</Compiler>
				<Linker>
					<Add option="-s" />
				</Linker>
			</Target>
		</Build>
		<Compiler>
			<Add option="-Wall" />
			<Add option="-fexceptions" />
		</Compiler>
		<Unit filename="global.h" />
		<Unit filename="grammer.cpp" />
		<Unit filename="grammer.h" />
		<Unit filename="lex.cpp" />
		<Unit filename="lex.h" />
		<Unit filename="main.cpp" />
		<Unit filename="midcode.cpp" />
		<Unit filename="midcode.h" />
		<Unit filename="mips.cpp" />
		<Unit filename="mips.h" />
		<Unit filename="optimizer.cpp" />
		<Unit filename="optimizer.h" />
		<Unit filename="semantic.cpp" />
		<Unit filename="semantic.h" />
		<Unit filename="symbol.cpp" />
		<Unit filename="symbol.h" />
		<Extensions>
			<code_completion />
			<envvars />
			<debugger />
		</Extensions>
	</Project>
</CodeBlocks_project_file>
